
Microsoft Visual Studio Solution File, Format Version 12.00
# Visual Studio Version 16
VisualStudioVersion = 16.0.29318.209
MinimumVisualStudioVersion = 10.0.40219.1
Project("{FAE04EC0-301F-11D3-BF4B-00C04F79EFBC}") = "Calculate-HASH-Checksum-For-File", "Calculate-HASH-Checksum-For-File\Calculate-HASH-Checksum-For-File.csproj", "{34966FDA-3495-4F58-AB19-8444654E1416}"
EndProject
Global
	GlobalSection(SolutionConfigurationPlatforms) = preSolution
		Debug|Any CPU = Debug|Any CPU
		Release|Any CPU = Release|Any CPU
	EndGlobalSection
	GlobalSection(ProjectConfigurationPlatforms) = postSolution
		{34966FDA-3495-4F58-AB19-8444654E1416}.Debug|Any CPU.ActiveCfg = Debug|Any CPU
		{34966FDA-3495-4F58-AB19-8444654E1416}.Debug|Any CPU.Build.0 = Debug|Any CPU
		{34966FDA-3495-4F58-AB19-8444654E1416}.Release|Any CPU.ActiveCfg = Release|Any CPU
		{34966FDA-3495-4F58-AB19-8444654E1416}.Release|Any CPU.Build.0 = Release|Any CPU
	EndGlobalSection
	GlobalSection(SolutionProperties) = preSolution
		HideSolutionNode = FALSE
	EndGlobalSection
	GlobalSection(ExtensibilityGlobals) = postSolution
		SolutionGuid = {8B19F38C-9E4F-4C71-844E-07E4FA6F31CB}
	EndGlobalSection
EndGlobal
